# This file was autogenerated by Stack.
# You should not edit this file by hand.
# For more information, please see the documentation at:
#   https://docs.haskellstack.org/en/stable/lock_files

packages:
- completed:
    hackage: yesod-text-markdown-0.1.10@sha256:5ec2f0c7723f3ae134189d2a265bc1b37bad99b9b4b7bd452645c7e5a81b1bf8,2281
    pantry-tree:
      size: 226
      sha256: c52dbee76de9e44a85043820939c26ebe5e48dd6e238341c37b6c134b01a69ca
  original:
    hackage: yesod-text-markdown-0.1.10@sha256:5ec2f0c7723f3ae134189d2a265bc1b37bad99b9b4b7bd452645c7e5a81b1bf8,2281
snapshots:
- completed:
    size: 491372
    url: https://raw.githubusercontent.com/commercialhaskell/stackage-snapshots/master/lts/15/5.yaml
    sha256: 1b549cfff328040c382a70a84a2087aac8dab6d778bf92f32a93a771a1980dfc
  original: lts-15.5
